
Microsoft Visual Studio Solution File, Format Version 12.00
# Visual Studio Version 17
VisualStudioVersion = 17.6.33815.320
MinimumVisualStudioVersion = 10.0.40219.1
Project("{8BC9CEB8-8B4A-11D0-8D11-00A0C91BC942}") = "Patterns_DZ2", "Patterns_DZ2.vcxproj", "{2C12C787-85B7-4602-8F21-0E3FDA9A1E46}"
EndProject
Global
	GlobalSection(SolutionConfigurationPlatforms) = preSolution
		Debug|x64 = Debug|x64
		Debug|x86 = Debug|x86
		Release|x64 = Release|x64
		Release|x86 = Release|x86
	EndGlobalSection
	GlobalSection(ProjectConfigurationPlatforms) = postSolution
		{2C12C787-85B7-4602-8F21-0E3FDA9A1E46}.Debug|x64.ActiveCfg = Debug|x64
		{2C12C787-85B7-4602-8F21-0E3FDA9A1E46}.Debug|x64.Build.0 = Debug|x64
		{2C12C787-85B7-4602-8F21-0E3FDA9A1E46}.Debug|x86.ActiveCfg = Debug|Win32
		{2C12C787-85B7-4602-8F21-0E3FDA9A1E46}.Debug|x86.Build.0 = Debug|Win32
		{2C12C787-85B7-4602-8F21-0E3FDA9A1E46}.Release|x64.ActiveCfg = Release|x64
		{2C12C787-85B7-4602-8F21-0E3FDA9A1E46}.Release|x64.Build.0 = Release|x64
		{2C12C787-85B7-4602-8F21-0E3FDA9A1E46}.Release|x86.ActiveCfg = Release|Win32
		{2C12C787-85B7-4602-8F21-0E3FDA9A1E46}.Release|x86.Build.0 = Release|Win32
	EndGlobalSection
	GlobalSection(SolutionProperties) = preSolution
		HideSolutionNode = FALSE
	EndGlobalSection
	GlobalSection(ExtensibilityGlobals) = postSolution
		SolutionGuid = {AF11ACD3-E3B8-4D65-9B37-19C43F27F081}
	EndGlobalSection
EndGlobal
